
Microsoft Visual Studio Solution File, Format Version 12.00
# Visual Studio Version 17
VisualStudioVersion = 17.5.33516.290
MinimumVisualStudioVersion = 10.0.40219.1
Project("{FAE04EC0-301F-11D3-BF4B-00C04F79EFBC}") = "Kursach", "Kursach.csproj", "{D6CD54A1-8C19-4F22-8606-F5906364BC9F}"
EndProject
Global
	GlobalSection(SolutionConfigurationPlatforms) = preSolution
		Debug|Any CPU = Debug|Any CPU
		Release|Any CPU = Release|Any CPU
	EndGlobalSection
	GlobalSection(ProjectConfigurationPlatforms) = postSolution
		{D6CD54A1-8C19-4F22-8606-F5906364BC9F}.Debug|Any CPU.ActiveCfg = Debug|Any CPU
		{D6CD54A1-8C19-4F22-8606-F5906364BC9F}.Debug|Any CPU.Build.0 = Debug|Any CPU
		{D6CD54A1-8C19-4F22-8606-F5906364BC9F}.Release|Any CPU.ActiveCfg = Release|Any CPU
		{D6CD54A1-8C19-4F22-8606-F5906364BC9F}.Release|Any CPU.Build.0 = Release|Any CPU
	EndGlobalSection
	GlobalSection(SolutionProperties) = preSolution
		HideSolutionNode = FALSE
	EndGlobalSection
	GlobalSection(ExtensibilityGlobals) = postSolution
		SolutionGuid = {67D46D63-3DAB-4746-8D95-583F5F22297F}
	EndGlobalSection
EndGlobal
